
Microsoft Visual Studio Solution File, Format Version 12.00
# Visual Studio Version 16
VisualStudioVersion = 16.0.33927.289
MinimumVisualStudioVersion = 10.0.40219.1
Project("{2150E333-8FDC-42A3-9474-1A3956D46DE8}") = "Task0", "Task0", "{6024135A-C28F-43D1-9AFB-F79D3483BB0B}"
EndProject
Project("{FAE04EC0-301F-11D3-BF4B-00C04F79EFBC}") = "Tyuiu.BakhtiyarovDR.Sprint6.Task0.V20.Lib", "Tyuiu.BakhtiyarovDR.Sprint6.Task0.V20.Lib\Tyuiu.BakhtiyarovDR.Sprint6.Task0.V20.Lib.csproj", "{5C7A6109-0481-45CE-9366-05EA9B32B1E5}"
EndProject
Project("{FAE04EC0-301F-11D3-BF4B-00C04F79EFBC}") = "Tyuiu.BakhtiyarovDR.Sprint6.Task0.V20.Test", "Tyuiu.BakhtiyarovDR.Sprint6.Task0.V20.Test\Tyuiu.BakhtiyarovDR.Sprint6.Task0.V20.Test.csproj", "{691BE5A5-3B81-4319-AAFF-E15642CA4640}"
EndProject
Project("{FAE04EC0-301F-11D3-BF4B-00C04F79EFBC}") = "Tyuiu.BakhtiyarovDR.Sprint6.Task0.V20", "Tyuiu.BakhtiyarovDR.Sprint6.Task0.V20\Tyuiu.BakhtiyarovDR.Sprint6.Task0.V20.csproj", "{3FFD707D-00E8-4BE5-9BA7-5848C4237365}"
EndProject
Project("{2150E333-8FDC-42A3-9474-1A3956D46DE8}") = "Task1", "Task1", "{B72E8BEE-6B69-4E99-AC2F-AB60C7458395}"
EndProject
Project("{FAE04EC0-301F-11D3-BF4B-00C04F79EFBC}") = "Tyuiu.BakhtiyarovDR.Sprint6.Task1.V24.Lib", "Tyuiu.BakhtiyarovDR.Sprint6.Task1.V24.Lib\Tyuiu.BakhtiyarovDR.Sprint6.Task1.V24.Lib.csproj", "{49C8762C-0A48-444F-88D7-BEDDAC98E0D9}"
EndProject
Project("{FAE04EC0-301F-11D3-BF4B-00C04F79EFBC}") = "Tyuiu.BakhtiyarovDR.Sprint6.Task1.V24.Test", "Tyuiu.BakhtiyarovDR.Sprint6.Task1.V24.Test\Tyuiu.BakhtiyarovDR.Sprint6.Task1.V24.Test.csproj", "{773C9C49-F6F5-46BF-949A-937D4BF7EE46}"
EndProject
Project("{FAE04EC0-301F-11D3-BF4B-00C04F79EFBC}") = "Tyuiu.BakhtiyarovDR.Sprint6.Task1.V24", "Tyuiu.BakhtiyarovDR.Sprint6.Task1.V24\Tyuiu.BakhtiyarovDR.Sprint6.Task1.V24.csproj", "{BA4CCF4C-DC70-4A61-A855-45214340C4F9}"
EndProject
Project("{2150E333-8FDC-42A3-9474-1A3956D46DE8}") = "Task2", "Task2", "{35A90062-704B-46A4-9D28-990BECA156AD}"
EndProject
Project("{FAE04EC0-301F-11D3-BF4B-00C04F79EFBC}") = "Tyuiu.BakhtiyarovDR.Sprint6.Task2.V16.Lib", "Tyuiu.BakhtiyarovDR.Sprint6.Task2.V16.Lib\Tyuiu.BakhtiyarovDR.Sprint6.Task2.V16.Lib.csproj", "{13B0F13E-B55A-42C5-935A-865500E6DC9B}"
EndProject
Project("{FAE04EC0-301F-11D3-BF4B-00C04F79EFBC}") = "Tyuiu.BakhtiyarovDR.Sprint6.Task2.V16.Test", "Tyuiu.BakhtiyarovDR.Sprint6.Task2.V16.Test\Tyuiu.BakhtiyarovDR.Sprint6.Task2.V16.Test.csproj", "{2BF6A476-F1AC-448E-AF93-45DC2E598878}"
EndProject
Project("{2150E333-8FDC-42A3-9474-1A3956D46DE8}") = "Task3", "Task3", "{E0D18125-2625-4652-A352-EA68FAA7AE6A}"
EndProject
Project("{FAE04EC0-301F-11D3-BF4B-00C04F79EFBC}") = "Tyuiu.BakhtiyarovDR.Sprint6.Task3.V10.Lib", "Tyuiu.BakhtiyarovDR.Sprint6.Task3.V10.Lib\Tyuiu.BakhtiyarovDR.Sprint6.Task3.V10.Lib.csproj", "{6C7BE1C8-29C3-4C11-97FC-F81D105B299F}"
EndProject
Project("{FAE04EC0-301F-11D3-BF4B-00C04F79EFBC}") = "Tyuiu.BakhtiyarovDR.Sprint6.Task3.V10.Test", "Tyuiu.BakhtiyarovDR.Sprint6.Task3.V10.Test\Tyuiu.BakhtiyarovDR.Sprint6.Task3.V10.Test.csproj", "{1862DEC6-0ED1-433F-AF40-398EC77E4F85}"
EndProject
Project("{FAE04EC0-301F-11D3-BF4B-00C04F79EFBC}") = "Tyuiu.BakhtiyarovDR.Sprint6.Task3.V10", "Tyuiu.BakhtiyarovDR.Sprint6.Task3.V10\Tyuiu.BakhtiyarovDR.Sprint6.Task3.V10.csproj", "{495D3259-74F3-400A-B4BD-486600BB2F2E}"
EndProject
Project("{FAE04EC0-301F-11D3-BF4B-00C04F79EFBC}") = "Tyuiu.BakhtiyarovDR.Sprint6.Task2.V16", "Tyuiu.BakhtiyarovDR.Sprint6.Task2.V16\Tyuiu.BakhtiyarovDR.Sprint6.Task2.V16.csproj", "{812FF855-AFE8-4824-A14A-BB90893628F8}"
EndProject
Global
	GlobalSection(SolutionConfigurationPlatforms) = preSolution
		Debug|Any CPU = Debug|Any CPU
		Release|Any CPU = Release|Any CPU
	EndGlobalSection
	GlobalSection(ProjectConfigurationPlatforms) = postSolution
		{5C7A6109-0481-45CE-9366-05EA9B32B1E5}.Debug|Any CPU.ActiveCfg = Debug|Any CPU
		{5C7A6109-0481-45CE-9366-05EA9B32B1E5}.Debug|Any CPU.Build.0 = Debug|Any CPU
		{5C7A6109-0481-45CE-9366-05EA9B32B1E5}.Release|Any CPU.ActiveCfg = Release|Any CPU
		{5C7A6109-0481-45CE-9366-05EA9B32B1E5}.Release|Any CPU.Build.0 = Release|Any CPU
		{691BE5A5-3B81-4319-AAFF-E15642CA4640}.Debug|Any CPU.ActiveCfg = Debug|Any CPU
		{691BE5A5-3B81-4319-AAFF-E15642CA4640}.Debug|Any CPU.Build.0 = Debug|Any CPU
		{691BE5A5-3B81-4319-AAFF-E15642CA4640}.Release|Any CPU.ActiveCfg = Release|Any CPU
		{691BE5A5-3B81-4319-AAFF-E15642CA4640}.Release|Any CPU.Build.0 = Release|Any CPU
		{3FFD707D-00E8-4BE5-9BA7-5848C4237365}.Debug|Any CPU.ActiveCfg = Debug|Any CPU
		{3FFD707D-00E8-4BE5-9BA7-5848C4237365}.Debug|Any CPU.Build.0 = Debug|Any CPU
		{3FFD707D-00E8-4BE5-9BA7-5848C4237365}.Release|Any CPU.ActiveCfg = Release|Any CPU
		{3FFD707D-00E8-4BE5-9BA7-5848C4237365}.Release|Any CPU.Build.0 = Release|Any CPU
		{49C8762C-0A48-444F-88D7-BEDDAC98E0D9}.Debug|Any CPU.ActiveCfg = Debug|Any CPU
		{49C8762C-0A48-444F-88D7-BEDDAC98E0D9}.Debug|Any CPU.Build.0 = Debug|Any CPU
		{49C8762C-0A48-444F-88D7-BEDDAC98E0D9}.Release|Any CPU.ActiveCfg = Release|Any CPU
		{49C8762C-0A48-444F-88D7-BEDDAC98E0D9}.Release|Any CPU.Build.0 = Release|Any CPU
		{773C9C49-F6F5-46BF-949A-937D4BF7EE46}.Debug|Any CPU.ActiveCfg = Debug|Any CPU
		{773C9C49-F6F5-46BF-949A-937D4BF7EE46}.Debug|Any CPU.Build.0 = Debug|Any CPU
		{773C9C49-F6F5-46BF-949A-937D4BF7EE46}.Release|Any CPU.ActiveCfg = Release|Any CPU
		{773C9C49-F6F5-46BF-949A-937D4BF7EE46}.Release|Any CPU.Build.0 = Release|Any CPU
		{BA4CCF4C-DC70-4A61-A855-45214340C4F9}.Debug|Any CPU.ActiveCfg = Debug|Any CPU
		{BA4CCF4C-DC70-4A61-A855-45214340C4F9}.Debug|Any CPU.Build.0 = Debug|Any CPU
		{BA4CCF4C-DC70-4A61-A855-45214340C4F9}.Release|Any CPU.ActiveCfg = Release|Any CPU
		{BA4CCF4C-DC70-4A61-A855-45214340C4F9}.Release|Any CPU.Build.0 = Release|Any CPU
		{13B0F13E-B55A-42C5-935A-865500E6DC9B}.Debug|Any CPU.ActiveCfg = Debug|Any CPU
		{13B0F13E-B55A-42C5-935A-865500E6DC9B}.Debug|Any CPU.Build.0 = Debug|Any CPU
		{13B0F13E-B55A-42C5-935A-865500E6DC9B}.Release|Any CPU.ActiveCfg = Release|Any CPU
		{13B0F13E-B55A-42C5-935A-865500E6DC9B}.Release|Any CPU.Build.0 = Release|Any CPU
		{2BF6A476-F1AC-448E-AF93-45DC2E598878}.Debug|Any CPU.ActiveCfg = Debug|Any CPU
		{2BF6A476-F1AC-448E-AF93-45DC2E598878}.Debug|Any CPU.Build.0 = Debug|Any CPU
		{2BF6A476-F1AC-448E-AF93-45DC2E598878}.Release|Any CPU.ActiveCfg = Release|Any CPU
		{2BF6A476-F1AC-448E-AF93-45DC2E598878}.Release|Any CPU.Build.0 = Release|Any CPU
		{6C7BE1C8-29C3-4C11-97FC-F81D105B299F}.Debug|Any CPU.ActiveCfg = Debug|Any CPU
		{6C7BE1C8-29C3-4C11-97FC-F81D105B299F}.Debug|Any CPU.Build.0 = Debug|Any CPU
		{6C7BE1C8-29C3-4C11-97FC-F81D105B299F}.Release|Any CPU.ActiveCfg = Release|Any CPU
		{6C7BE1C8-29C3-4C11-97FC-F81D105B299F}.Release|Any CPU.Build.0 = Release|Any CPU
		{1862DEC6-0ED1-433F-AF40-398EC77E4F85}.Debug|Any CPU.ActiveCfg = Debug|Any CPU
		{1862DEC6-0ED1-433F-AF40-398EC77E4F85}.Debug|Any CPU.Build.0 = Debug|Any CPU
		{1862DEC6-0ED1-433F-AF40-398EC77E4F85}.Release|Any CPU.ActiveCfg = Release|Any CPU
		{1862DEC6-0ED1-433F-AF40-398EC77E4F85}.Release|Any CPU.Build.0 = Release|Any CPU
		{495D3259-74F3-400A-B4BD-486600BB2F2E}.Debug|Any CPU.ActiveCfg = Debug|Any CPU
		{495D3259-74F3-400A-B4BD-486600BB2F2E}.Debug|Any CPU.Build.0 = Debug|Any CPU
		{495D3259-74F3-400A-B4BD-486600BB2F2E}.Release|Any CPU.ActiveCfg = Release|Any CPU
		{495D3259-74F3-400A-B4BD-486600BB2F2E}.Release|Any CPU.Build.0 = Release|Any CPU
		{812FF855-AFE8-4824-A14A-BB90893628F8}.Debug|Any CPU.ActiveCfg = Debug|Any CPU
		{812FF855-AFE8-4824-A14A-BB90893628F8}.Debug|Any CPU.Build.0 = Debug|Any CPU
		{812FF855-AFE8-4824-A14A-BB90893628F8}.Release|Any CPU.ActiveCfg = Release|Any CPU
		{812FF855-AFE8-4824-A14A-BB90893628F8}.Release|Any CPU.Build.0 = Release|Any CPU
	EndGlobalSection
	GlobalSection(SolutionProperties) = preSolution
		HideSolutionNode = FALSE
	EndGlobalSection
	GlobalSection(NestedProjects) = preSolution
		{5C7A6109-0481-45CE-9366-05EA9B32B1E5} = {6024135A-C28F-43D1-9AFB-F79D3483BB0B}
		{691BE5A5-3B81-4319-AAFF-E15642CA4640} = {6024135A-C28F-43D1-9AFB-F79D3483BB0B}
		{3FFD707D-00E8-4BE5-9BA7-5848C4237365} = {6024135A-C28F-43D1-9AFB-F79D3483BB0B}
		{49C8762C-0A48-444F-88D7-BEDDAC98E0D9} = {B72E8BEE-6B69-4E99-AC2F-AB60C7458395}
		{773C9C49-F6F5-46BF-949A-937D4BF7EE46} = {B72E8BEE-6B69-4E99-AC2F-AB60C7458395}
		{BA4CCF4C-DC70-4A61-A855-45214340C4F9} = {B72E8BEE-6B69-4E99-AC2F-AB60C7458395}
		{13B0F13E-B55A-42C5-935A-865500E6DC9B} = {35A90062-704B-46A4-9D28-990BECA156AD}
		{2BF6A476-F1AC-448E-AF93-45DC2E598878} = {35A90062-704B-46A4-9D28-990BECA156AD}
		{6C7BE1C8-29C3-4C11-97FC-F81D105B299F} = {E0D18125-2625-4652-A352-EA68FAA7AE6A}
		{1862DEC6-0ED1-433F-AF40-398EC77E4F85} = {E0D18125-2625-4652-A352-EA68FAA7AE6A}
		{495D3259-74F3-400A-B4BD-486600BB2F2E} = {E0D18125-2625-4652-A352-EA68FAA7AE6A}
		{812FF855-AFE8-4824-A14A-BB90893628F8} = {35A90062-704B-46A4-9D28-990BECA156AD}
	EndGlobalSection
	GlobalSection(ExtensibilityGlobals) = postSolution
		SolutionGuid = {AD306BFD-9973-4C19-B403-5FB989028863}
	EndGlobalSection
EndGlobal
