
Microsoft Visual Studio Solution File, Format Version 12.00
# Visual Studio Version 16
VisualStudioVersion = 16.0.33927.289
MinimumVisualStudioVersion = 10.0.40219.1
Project("{2150E333-8FDC-42A3-9474-1A3956D46DE8}") = "Task0", "Task0", "{6024135A-C28F-43D1-9AFB-F79D3483BB0B}"
EndProject
Project("{FAE04EC0-301F-11D3-BF4B-00C04F79EFBC}") = "Tyuiu.BakhtiyarovDR.Sprint6.Task0.V20.Lib", "Tyuiu.BakhtiyarovDR.Sprint6.Task0.V20.Lib\Tyuiu.BakhtiyarovDR.Sprint6.Task0.V20.Lib.csproj", "{5C7A6109-0481-45CE-9366-05EA9B32B1E5}"
EndProject
Project("{FAE04EC0-301F-11D3-BF4B-00C04F79EFBC}") = "Tyuiu.BakhtiyarovDR.Sprint6.Task0.V20.Test", "Tyuiu.BakhtiyarovDR.Sprint6.Task0.V20.Test\Tyuiu.BakhtiyarovDR.Sprint6.Task0.V20.Test.csproj", "{691BE5A5-3B81-4319-AAFF-E15642CA4640}"
EndProject
Project("{FAE04EC0-301F-11D3-BF4B-00C04F79EFBC}") = "Tyuiu.BakhtiyarovDR.Sprint6.Task0.V20", "Tyuiu.BakhtiyarovDR.Sprint6.Task0.V20\Tyuiu.BakhtiyarovDR.Sprint6.Task0.V20.csproj", "{3FFD707D-00E8-4BE5-9BA7-5848C4237365}"
EndProject
Project("{2150E333-8FDC-42A3-9474-1A3956D46DE8}") = "Task1", "Task1", "{B72E8BEE-6B69-4E99-AC2F-AB60C7458395}"
EndProject
Project("{FAE04EC0-301F-11D3-BF4B-00C04F79EFBC}") = "Tyuiu.BakhtiyarovDR.Sprint6.Task1.V24.Lib", "Tyuiu.BakhtiyarovDR.Sprint6.Task1.V24.Lib\Tyuiu.BakhtiyarovDR.Sprint6.Task1.V24.Lib.csproj", "{49C8762C-0A48-444F-88D7-BEDDAC98E0D9}"
EndProject
Project("{FAE04EC0-301F-11D3-BF4B-00C04F79EFBC}") = "Tyuiu.BakhtiyarovDR.Sprint6.Task1.V24.Test", "Tyuiu.BakhtiyarovDR.Sprint6.Task1.V24.Test\Tyuiu.BakhtiyarovDR.Sprint6.Task1.V24.Test.csproj", "{773C9C49-F6F5-46BF-949A-937D4BF7EE46}"
EndProject
Project("{FAE04EC0-301F-11D3-BF4B-00C04F79EFBC}") = "Tyuiu.BakhtiyarovDR.Sprint6.Task1.V24", "Tyuiu.BakhtiyarovDR.Sprint6.Task1.V24\Tyuiu.BakhtiyarovDR.Sprint6.Task1.V24.csproj", "{BA4CCF4C-DC70-4A61-A855-45214340C4F9}"
EndProject
Project("{2150E333-8FDC-42A3-9474-1A3956D46DE8}") = "Task2", "Task2", "{35A90062-704B-46A4-9D28-990BECA156AD}"
EndProject
Project("{FAE04EC0-301F-11D3-BF4B-00C04F79EFBC}") = "Tyuiu.BakhtiyarovDR.Sprint6.Task2.V16.Lib", "Tyuiu.BakhtiyarovDR.Sprint6.Task2.V16.Lib\Tyuiu.BakhtiyarovDR.Sprint6.Task2.V16.Lib.csproj", "{13B0F13E-B55A-42C5-935A-865500E6DC9B}"
EndProject
Project("{FAE04EC0-301F-11D3-BF4B-00C04F79EFBC}") = "Tyuiu.BakhtiyarovDR.Sprint6.Task2.V16.Test", "Tyuiu.BakhtiyarovDR.Sprint6.Task2.V16.Test\Tyuiu.BakhtiyarovDR.Sprint6.Task2.V16.Test.csproj", "{2BF6A476-F1AC-448E-AF93-45DC2E598878}"
EndProject
Project("{2150E333-8FDC-42A3-9474-1A3956D46DE8}") = "Task3", "Task3", "{E0D18125-2625-4652-A352-EA68FAA7AE6A}"
EndProject
Project("{FAE04EC0-301F-11D3-BF4B-00C04F79EFBC}") = "Tyuiu.BakhtiyarovDR.Sprint6.Task3.V10.Lib", "Tyuiu.BakhtiyarovDR.Sprint6.Task3.V10.Lib\Tyuiu.BakhtiyarovDR.Sprint6.Task3.V10.Lib.csproj", "{6C7BE1C8-29C3-4C11-97FC-F81D105B299F}"
EndProject
Project("{FAE04EC0-301F-11D3-BF4B-00C04F79EFBC}") = "Tyuiu.BakhtiyarovDR.Sprint6.Task3.V10.Test", "Tyuiu.BakhtiyarovDR.Sprint6.Task3.V10.Test\Tyuiu.BakhtiyarovDR.Sprint6.Task3.V10.Test.csproj", "{1862DEC6-0ED1-433F-AF40-398EC77E4F85}"
EndProject
Project("{FAE04EC0-301F-11D3-BF4B-00C04F79EFBC}") = "Tyuiu.BakhtiyarovDR.Sprint6.Task3.V10", "Tyuiu.BakhtiyarovDR.Sprint6.Task3.V10\Tyuiu.BakhtiyarovDR.Sprint6.Task3.V10.csproj", "{495D3259-74F3-400A-B4BD-486600BB2F2E}"
EndProject
Project("{FAE04EC0-301F-11D3-BF4B-00C04F79EFBC}") = "Tyuiu.BakhtiyarovDR.Sprint6.Task2.V16", "Tyuiu.BakhtiyarovDR.Sprint6.Task2.V16\Tyuiu.BakhtiyarovDR.Sprint6.Task2.V16.csproj", "{812FF855-AFE8-4824-A14A-BB90893628F8}"
EndProject
Project("{2150E333-8FDC-42A3-9474-1A3956D46DE8}") = "Task4", "Task4", "{5DA0B754-B9F0-488A-A390-568D4F3028ED}"
EndProject
Project("{FAE04EC0-301F-11D3-BF4B-00C04F79EFBC}") = "Tyuiu.BakhtiyarovDR.Sprint6.Task4.V2.Lib", "Tyuiu.BakhtiyarovDR.Sprint6.Task4.V2\Tyuiu.BakhtiyarovDR.Sprint6.Task4.V2.Lib.csproj", "{0235085A-E28E-4EC7-91B6-A2D87E84FF9A}"
EndProject
Project("{FAE04EC0-301F-11D3-BF4B-00C04F79EFBC}") = "Tyuiu.BakhtiyarovDR.Sprint6.Task4.V2.Test", "Tyuiu.BakhtiyarovDR.Sprint6.Task4.V2.Test\Tyuiu.BakhtiyarovDR.Sprint6.Task4.V2.Test.csproj", "{57F7533F-6891-465E-8075-E311ABC833A1}"
EndProject
Project("{FAE04EC0-301F-11D3-BF4B-00C04F79EFBC}") = "Tyuiu.BakhtiyarovDR.Sprint6.Task4.V2app", "Tyuiu.BakhtiyarovDR.Sprint6.Task4.V2app\Tyuiu.BakhtiyarovDR.Sprint6.Task4.V2app.csproj", "{67FFDD82-9D57-4C34-8802-86F3596E5AF1}"
EndProject
Project("{2150E333-8FDC-42A3-9474-1A3956D46DE8}") = "Task5", "Task5", "{D6331DB9-7ECF-463F-926D-5B7985D24CAE}"
EndProject
Project("{FAE04EC0-301F-11D3-BF4B-00C04F79EFBC}") = "Tyuiu.BakhtiyarovDR.Sprint6.Task5.V12.Lib", "Tyuiu.BakhtiyarovDR.Sprint6.Task5.V12.Lib\Tyuiu.BakhtiyarovDR.Sprint6.Task5.V12.Lib.csproj", "{72A3E3CA-3DD2-4D62-B9B4-8B676F3F6E8F}"
EndProject
Project("{FAE04EC0-301F-11D3-BF4B-00C04F79EFBC}") = "Tyuiu.BakhtiyarovDR.Sprint6.Task5.V12.Test", "Tyuiu.BakhtiyarovDR.Sprint6.Task5.V12.Test\Tyuiu.BakhtiyarovDR.Sprint6.Task5.V12.Test.csproj", "{55E0EDD8-3F5B-48B5-A183-5BCB64B77117}"
EndProject
Project("{FAE04EC0-301F-11D3-BF4B-00C04F79EFBC}") = "Tyuiu.BakhtiyarovDR.Sprint6.Task5.V12", "Tyuiu.BakhtiyarovDR.Sprint6.Task5.V12\Tyuiu.BakhtiyarovDR.Sprint6.Task5.V12.csproj", "{1739141B-CDD8-4112-8C42-E451A3BB7B03}"
EndProject
Project("{FAE04EC0-301F-11D3-BF4B-00C04F79EFBC}") = "Tyuiu.BakhtiyarovDR.Sprint6.Task6.V20.Lib", "Tyuiu.BakhtiyarovDR.Sprint6.Task6.V20.Lib\Tyuiu.BakhtiyarovDR.Sprint6.Task6.V20.Lib.csproj", "{C1C62DF3-2425-47F9-9571-80E7D272AEF7}"
EndProject
Project("{2150E333-8FDC-42A3-9474-1A3956D46DE8}") = "Task6", "Task6", "{0345DB10-F4CE-4D18-A60E-1279E3F3BD1F}"
EndProject
Project("{FAE04EC0-301F-11D3-BF4B-00C04F79EFBC}") = "Tyuiu.BakhtiyarovDR.Sprint6.Task6.V20.Libb", "Tyuiu.BakhtiyarovDR.Sprint6.Task6.V20.Libb\Tyuiu.BakhtiyarovDR.Sprint6.Task6.V20.Libb.csproj", "{AD35B0D4-371C-4FE6-AB3D-871C71931DC9}"
EndProject
Project("{FAE04EC0-301F-11D3-BF4B-00C04F79EFBC}") = "Tyuiu.BakhtiyarovDR.Sprint6.Task6.V20.Test", "Tyuiu.BakhtiyarovDR.Sprint6.Task6.V20.Test\Tyuiu.BakhtiyarovDR.Sprint6.Task6.V20.Test.csproj", "{5CF4BABA-D409-426A-8C89-A3D68B7F2478}"
EndProject
Project("{FAE04EC0-301F-11D3-BF4B-00C04F79EFBC}") = "Tyuiu.BakhtiyarovDR.Sprint6.Task6.V20", "Tyuiu.BakhtiyarovDR.Sprint6.Task6.V20\Tyuiu.BakhtiyarovDR.Sprint6.Task6.V20.csproj", "{E2ABB457-0488-4FB6-979D-97325BB07580}"
EndProject
Project("{2150E333-8FDC-42A3-9474-1A3956D46DE8}") = "Task7", "Task7", "{C00CC87C-685F-4491-B878-947B71C956AE}"
EndProject
Project("{FAE04EC0-301F-11D3-BF4B-00C04F79EFBC}") = "Tyuiu.BakhtiyarovDR.Sprint6.Task7.V5.Lib", "Tyuiu.BakhtiyarovDR.Sprint6.Task7.V5.Lib\Tyuiu.BakhtiyarovDR.Sprint6.Task7.V5.Lib.csproj", "{101E8DF0-B13B-446E-8309-1BDEB93D1DE2}"
EndProject
Project("{FAE04EC0-301F-11D3-BF4B-00C04F79EFBC}") = "Tyuiu.BakhtiyarovDR.Sprint6.Task7.V5.Test", "Tyuiu.BakhtiyarovDR.Sprint6.Task7.V5.Test\Tyuiu.BakhtiyarovDR.Sprint6.Task7.V5.Test.csproj", "{851AF37E-782E-4E50-A778-4A07690DAB7C}"
EndProject
Project("{FAE04EC0-301F-11D3-BF4B-00C04F79EFBC}") = "Tyuiu.BakhtiyarovDR.Sprint6.Task7.V5", "Tyuiu.BakhtiyarovDR.Sprint6.Task7.V5\Tyuiu.BakhtiyarovDR.Sprint6.Task7.V5.csproj", "{60D5F114-A550-46A6-82E6-358122C9C46F}"
EndProject
Global
	GlobalSection(SolutionConfigurationPlatforms) = preSolution
		Debug|Any CPU = Debug|Any CPU
		Release|Any CPU = Release|Any CPU
	EndGlobalSection
	GlobalSection(ProjectConfigurationPlatforms) = postSolution
		{5C7A6109-0481-45CE-9366-05EA9B32B1E5}.Debug|Any CPU.ActiveCfg = Debug|Any CPU
		{5C7A6109-0481-45CE-9366-05EA9B32B1E5}.Debug|Any CPU.Build.0 = Debug|Any CPU
		{5C7A6109-0481-45CE-9366-05EA9B32B1E5}.Release|Any CPU.ActiveCfg = Release|Any CPU
		{5C7A6109-0481-45CE-9366-05EA9B32B1E5}.Release|Any CPU.Build.0 = Release|Any CPU
		{691BE5A5-3B81-4319-AAFF-E15642CA4640}.Debug|Any CPU.ActiveCfg = Debug|Any CPU
		{691BE5A5-3B81-4319-AAFF-E15642CA4640}.Debug|Any CPU.Build.0 = Debug|Any CPU
		{691BE5A5-3B81-4319-AAFF-E15642CA4640}.Release|Any CPU.ActiveCfg = Release|Any CPU
		{691BE5A5-3B81-4319-AAFF-E15642CA4640}.Release|Any CPU.Build.0 = Release|Any CPU
		{3FFD707D-00E8-4BE5-9BA7-5848C4237365}.Debug|Any CPU.ActiveCfg = Debug|Any CPU
		{3FFD707D-00E8-4BE5-9BA7-5848C4237365}.Debug|Any CPU.Build.0 = Debug|Any CPU
		{3FFD707D-00E8-4BE5-9BA7-5848C4237365}.Release|Any CPU.ActiveCfg = Release|Any CPU
		{3FFD707D-00E8-4BE5-9BA7-5848C4237365}.Release|Any CPU.Build.0 = Release|Any CPU
		{49C8762C-0A48-444F-88D7-BEDDAC98E0D9}.Debug|Any CPU.ActiveCfg = Debug|Any CPU
		{49C8762C-0A48-444F-88D7-BEDDAC98E0D9}.Debug|Any CPU.Build.0 = Debug|Any CPU
		{49C8762C-0A48-444F-88D7-BEDDAC98E0D9}.Release|Any CPU.ActiveCfg = Release|Any CPU
		{49C8762C-0A48-444F-88D7-BEDDAC98E0D9}.Release|Any CPU.Build.0 = Release|Any CPU
		{773C9C49-F6F5-46BF-949A-937D4BF7EE46}.Debug|Any CPU.ActiveCfg = Debug|Any CPU
		{773C9C49-F6F5-46BF-949A-937D4BF7EE46}.Debug|Any CPU.Build.0 = Debug|Any CPU
		{773C9C49-F6F5-46BF-949A-937D4BF7EE46}.Release|Any CPU.ActiveCfg = Release|Any CPU
		{773C9C49-F6F5-46BF-949A-937D4BF7EE46}.Release|Any CPU.Build.0 = Release|Any CPU
		{BA4CCF4C-DC70-4A61-A855-45214340C4F9}.Debug|Any CPU.ActiveCfg = Debug|Any CPU
		{BA4CCF4C-DC70-4A61-A855-45214340C4F9}.Debug|Any CPU.Build.0 = Debug|Any CPU
		{BA4CCF4C-DC70-4A61-A855-45214340C4F9}.Release|Any CPU.ActiveCfg = Release|Any CPU
		{BA4CCF4C-DC70-4A61-A855-45214340C4F9}.Release|Any CPU.Build.0 = Release|Any CPU
		{13B0F13E-B55A-42C5-935A-865500E6DC9B}.Debug|Any CPU.ActiveCfg = Debug|Any CPU
		{13B0F13E-B55A-42C5-935A-865500E6DC9B}.Debug|Any CPU.Build.0 = Debug|Any CPU
		{13B0F13E-B55A-42C5-935A-865500E6DC9B}.Release|Any CPU.ActiveCfg = Release|Any CPU
		{13B0F13E-B55A-42C5-935A-865500E6DC9B}.Release|Any CPU.Build.0 = Release|Any CPU
		{2BF6A476-F1AC-448E-AF93-45DC2E598878}.Debug|Any CPU.ActiveCfg = Debug|Any CPU
		{2BF6A476-F1AC-448E-AF93-45DC2E598878}.Debug|Any CPU.Build.0 = Debug|Any CPU
		{2BF6A476-F1AC-448E-AF93-45DC2E598878}.Release|Any CPU.ActiveCfg = Release|Any CPU
		{2BF6A476-F1AC-448E-AF93-45DC2E598878}.Release|Any CPU.Build.0 = Release|Any CPU
		{6C7BE1C8-29C3-4C11-97FC-F81D105B299F}.Debug|Any CPU.ActiveCfg = Debug|Any CPU
		{6C7BE1C8-29C3-4C11-97FC-F81D105B299F}.Debug|Any CPU.Build.0 = Debug|Any CPU
		{6C7BE1C8-29C3-4C11-97FC-F81D105B299F}.Release|Any CPU.ActiveCfg = Release|Any CPU
		{6C7BE1C8-29C3-4C11-97FC-F81D105B299F}.Release|Any CPU.Build.0 = Release|Any CPU
		{1862DEC6-0ED1-433F-AF40-398EC77E4F85}.Debug|Any CPU.ActiveCfg = Debug|Any CPU
		{1862DEC6-0ED1-433F-AF40-398EC77E4F85}.Debug|Any CPU.Build.0 = Debug|Any CPU
		{1862DEC6-0ED1-433F-AF40-398EC77E4F85}.Release|Any CPU.ActiveCfg = Release|Any CPU
		{1862DEC6-0ED1-433F-AF40-398EC77E4F85}.Release|Any CPU.Build.0 = Release|Any CPU
		{495D3259-74F3-400A-B4BD-486600BB2F2E}.Debug|Any CPU.ActiveCfg = Debug|Any CPU
		{495D3259-74F3-400A-B4BD-486600BB2F2E}.Debug|Any CPU.Build.0 = Debug|Any CPU
		{495D3259-74F3-400A-B4BD-486600BB2F2E}.Release|Any CPU.ActiveCfg = Release|Any CPU
		{495D3259-74F3-400A-B4BD-486600BB2F2E}.Release|Any CPU.Build.0 = Release|Any CPU
		{812FF855-AFE8-4824-A14A-BB90893628F8}.Debug|Any CPU.ActiveCfg = Debug|Any CPU
		{812FF855-AFE8-4824-A14A-BB90893628F8}.Debug|Any CPU.Build.0 = Debug|Any CPU
		{812FF855-AFE8-4824-A14A-BB90893628F8}.Release|Any CPU.ActiveCfg = Release|Any CPU
		{812FF855-AFE8-4824-A14A-BB90893628F8}.Release|Any CPU.Build.0 = Release|Any CPU
		{0235085A-E28E-4EC7-91B6-A2D87E84FF9A}.Debug|Any CPU.ActiveCfg = Debug|Any CPU
		{0235085A-E28E-4EC7-91B6-A2D87E84FF9A}.Debug|Any CPU.Build.0 = Debug|Any CPU
		{0235085A-E28E-4EC7-91B6-A2D87E84FF9A}.Release|Any CPU.ActiveCfg = Release|Any CPU
		{0235085A-E28E-4EC7-91B6-A2D87E84FF9A}.Release|Any CPU.Build.0 = Release|Any CPU
		{57F7533F-6891-465E-8075-E311ABC833A1}.Debug|Any CPU.ActiveCfg = Debug|Any CPU
		{57F7533F-6891-465E-8075-E311ABC833A1}.Debug|Any CPU.Build.0 = Debug|Any CPU
		{57F7533F-6891-465E-8075-E311ABC833A1}.Release|Any CPU.ActiveCfg = Release|Any CPU
		{57F7533F-6891-465E-8075-E311ABC833A1}.Release|Any CPU.Build.0 = Release|Any CPU
		{67FFDD82-9D57-4C34-8802-86F3596E5AF1}.Debug|Any CPU.ActiveCfg = Debug|Any CPU
		{67FFDD82-9D57-4C34-8802-86F3596E5AF1}.Debug|Any CPU.Build.0 = Debug|Any CPU
		{67FFDD82-9D57-4C34-8802-86F3596E5AF1}.Release|Any CPU.ActiveCfg = Release|Any CPU
		{67FFDD82-9D57-4C34-8802-86F3596E5AF1}.Release|Any CPU.Build.0 = Release|Any CPU
		{72A3E3CA-3DD2-4D62-B9B4-8B676F3F6E8F}.Debug|Any CPU.ActiveCfg = Debug|Any CPU
		{72A3E3CA-3DD2-4D62-B9B4-8B676F3F6E8F}.Debug|Any CPU.Build.0 = Debug|Any CPU
		{72A3E3CA-3DD2-4D62-B9B4-8B676F3F6E8F}.Release|Any CPU.ActiveCfg = Release|Any CPU
		{72A3E3CA-3DD2-4D62-B9B4-8B676F3F6E8F}.Release|Any CPU.Build.0 = Release|Any CPU
		{55E0EDD8-3F5B-48B5-A183-5BCB64B77117}.Debug|Any CPU.ActiveCfg = Debug|Any CPU
		{55E0EDD8-3F5B-48B5-A183-5BCB64B77117}.Debug|Any CPU.Build.0 = Debug|Any CPU
		{55E0EDD8-3F5B-48B5-A183-5BCB64B77117}.Release|Any CPU.ActiveCfg = Release|Any CPU
		{55E0EDD8-3F5B-48B5-A183-5BCB64B77117}.Release|Any CPU.Build.0 = Release|Any CPU
		{1739141B-CDD8-4112-8C42-E451A3BB7B03}.Debug|Any CPU.ActiveCfg = Debug|Any CPU
		{1739141B-CDD8-4112-8C42-E451A3BB7B03}.Debug|Any CPU.Build.0 = Debug|Any CPU
		{1739141B-CDD8-4112-8C42-E451A3BB7B03}.Release|Any CPU.ActiveCfg = Release|Any CPU
		{1739141B-CDD8-4112-8C42-E451A3BB7B03}.Release|Any CPU.Build.0 = Release|Any CPU
		{C1C62DF3-2425-47F9-9571-80E7D272AEF7}.Debug|Any CPU.ActiveCfg = Debug|Any CPU
		{C1C62DF3-2425-47F9-9571-80E7D272AEF7}.Debug|Any CPU.Build.0 = Debug|Any CPU
		{C1C62DF3-2425-47F9-9571-80E7D272AEF7}.Release|Any CPU.ActiveCfg = Release|Any CPU
		{C1C62DF3-2425-47F9-9571-80E7D272AEF7}.Release|Any CPU.Build.0 = Release|Any CPU
		{AD35B0D4-371C-4FE6-AB3D-871C71931DC9}.Debug|Any CPU.ActiveCfg = Debug|Any CPU
		{AD35B0D4-371C-4FE6-AB3D-871C71931DC9}.Debug|Any CPU.Build.0 = Debug|Any CPU
		{AD35B0D4-371C-4FE6-AB3D-871C71931DC9}.Release|Any CPU.ActiveCfg = Release|Any CPU
		{AD35B0D4-371C-4FE6-AB3D-871C71931DC9}.Release|Any CPU.Build.0 = Release|Any CPU
		{5CF4BABA-D409-426A-8C89-A3D68B7F2478}.Debug|Any CPU.ActiveCfg = Debug|Any CPU
		{5CF4BABA-D409-426A-8C89-A3D68B7F2478}.Debug|Any CPU.Build.0 = Debug|Any CPU
		{5CF4BABA-D409-426A-8C89-A3D68B7F2478}.Release|Any CPU.ActiveCfg = Release|Any CPU
		{5CF4BABA-D409-426A-8C89-A3D68B7F2478}.Release|Any CPU.Build.0 = Release|Any CPU
		{E2ABB457-0488-4FB6-979D-97325BB07580}.Debug|Any CPU.ActiveCfg = Debug|Any CPU
		{E2ABB457-0488-4FB6-979D-97325BB07580}.Debug|Any CPU.Build.0 = Debug|Any CPU
		{E2ABB457-0488-4FB6-979D-97325BB07580}.Release|Any CPU.ActiveCfg = Release|Any CPU
		{E2ABB457-0488-4FB6-979D-97325BB07580}.Release|Any CPU.Build.0 = Release|Any CPU
		{101E8DF0-B13B-446E-8309-1BDEB93D1DE2}.Debug|Any CPU.ActiveCfg = Debug|Any CPU
		{101E8DF0-B13B-446E-8309-1BDEB93D1DE2}.Debug|Any CPU.Build.0 = Debug|Any CPU
		{101E8DF0-B13B-446E-8309-1BDEB93D1DE2}.Release|Any CPU.ActiveCfg = Release|Any CPU
		{101E8DF0-B13B-446E-8309-1BDEB93D1DE2}.Release|Any CPU.Build.0 = Release|Any CPU
		{851AF37E-782E-4E50-A778-4A07690DAB7C}.Debug|Any CPU.ActiveCfg = Debug|Any CPU
		{851AF37E-782E-4E50-A778-4A07690DAB7C}.Debug|Any CPU.Build.0 = Debug|Any CPU
		{851AF37E-782E-4E50-A778-4A07690DAB7C}.Release|Any CPU.ActiveCfg = Release|Any CPU
		{851AF37E-782E-4E50-A778-4A07690DAB7C}.Release|Any CPU.Build.0 = Release|Any CPU
		{60D5F114-A550-46A6-82E6-358122C9C46F}.Debug|Any CPU.ActiveCfg = Debug|Any CPU
		{60D5F114-A550-46A6-82E6-358122C9C46F}.Debug|Any CPU.Build.0 = Debug|Any CPU
		{60D5F114-A550-46A6-82E6-358122C9C46F}.Release|Any CPU.ActiveCfg = Release|Any CPU
		{60D5F114-A550-46A6-82E6-358122C9C46F}.Release|Any CPU.Build.0 = Release|Any CPU
	EndGlobalSection
	GlobalSection(SolutionProperties) = preSolution
		HideSolutionNode = FALSE
	EndGlobalSection
	GlobalSection(NestedProjects) = preSolution
		{5C7A6109-0481-45CE-9366-05EA9B32B1E5} = {6024135A-C28F-43D1-9AFB-F79D3483BB0B}
		{691BE5A5-3B81-4319-AAFF-E15642CA4640} = {6024135A-C28F-43D1-9AFB-F79D3483BB0B}
		{3FFD707D-00E8-4BE5-9BA7-5848C4237365} = {6024135A-C28F-43D1-9AFB-F79D3483BB0B}
		{49C8762C-0A48-444F-88D7-BEDDAC98E0D9} = {B72E8BEE-6B69-4E99-AC2F-AB60C7458395}
		{773C9C49-F6F5-46BF-949A-937D4BF7EE46} = {B72E8BEE-6B69-4E99-AC2F-AB60C7458395}
		{BA4CCF4C-DC70-4A61-A855-45214340C4F9} = {B72E8BEE-6B69-4E99-AC2F-AB60C7458395}
		{13B0F13E-B55A-42C5-935A-865500E6DC9B} = {35A90062-704B-46A4-9D28-990BECA156AD}
		{2BF6A476-F1AC-448E-AF93-45DC2E598878} = {35A90062-704B-46A4-9D28-990BECA156AD}
		{6C7BE1C8-29C3-4C11-97FC-F81D105B299F} = {E0D18125-2625-4652-A352-EA68FAA7AE6A}
		{1862DEC6-0ED1-433F-AF40-398EC77E4F85} = {E0D18125-2625-4652-A352-EA68FAA7AE6A}
		{495D3259-74F3-400A-B4BD-486600BB2F2E} = {E0D18125-2625-4652-A352-EA68FAA7AE6A}
		{812FF855-AFE8-4824-A14A-BB90893628F8} = {35A90062-704B-46A4-9D28-990BECA156AD}
		{0235085A-E28E-4EC7-91B6-A2D87E84FF9A} = {5DA0B754-B9F0-488A-A390-568D4F3028ED}
		{57F7533F-6891-465E-8075-E311ABC833A1} = {5DA0B754-B9F0-488A-A390-568D4F3028ED}
		{67FFDD82-9D57-4C34-8802-86F3596E5AF1} = {5DA0B754-B9F0-488A-A390-568D4F3028ED}
		{72A3E3CA-3DD2-4D62-B9B4-8B676F3F6E8F} = {D6331DB9-7ECF-463F-926D-5B7985D24CAE}
		{55E0EDD8-3F5B-48B5-A183-5BCB64B77117} = {D6331DB9-7ECF-463F-926D-5B7985D24CAE}
		{1739141B-CDD8-4112-8C42-E451A3BB7B03} = {D6331DB9-7ECF-463F-926D-5B7985D24CAE}
		{C1C62DF3-2425-47F9-9571-80E7D272AEF7} = {D6331DB9-7ECF-463F-926D-5B7985D24CAE}
		{AD35B0D4-371C-4FE6-AB3D-871C71931DC9} = {0345DB10-F4CE-4D18-A60E-1279E3F3BD1F}
		{5CF4BABA-D409-426A-8C89-A3D68B7F2478} = {0345DB10-F4CE-4D18-A60E-1279E3F3BD1F}
		{E2ABB457-0488-4FB6-979D-97325BB07580} = {0345DB10-F4CE-4D18-A60E-1279E3F3BD1F}
		{101E8DF0-B13B-446E-8309-1BDEB93D1DE2} = {C00CC87C-685F-4491-B878-947B71C956AE}
		{851AF37E-782E-4E50-A778-4A07690DAB7C} = {C00CC87C-685F-4491-B878-947B71C956AE}
		{60D5F114-A550-46A6-82E6-358122C9C46F} = {C00CC87C-685F-4491-B878-947B71C956AE}
	EndGlobalSection
	GlobalSection(ExtensibilityGlobals) = postSolution
		SolutionGuid = {AD306BFD-9973-4C19-B403-5FB989028863}
	EndGlobalSection
EndGlobal
